{
  "object": {
    "pins": [
      {
        "package": "InfectionGraphKit",
        "repositoryURL": "https://github.com/Umar-M-Haroon/InfectionGraphKit.git",
        "state": {
          "branch": null,
          "revision": "6b46e15dd8db3cad4d441cfd21c0bbe3e7088fb9",
          "version": "0.1.12"
        }
      }
    ]
  },
  "version": 1
}
